
Microsoft Visual Studio Solution File, Format Version 12.00
# Visual Studio Version 17
VisualStudioVersion = 17.5.002.0
MinimumVisualStudioVersion = 10.0.40219.1
Project("{9A19103F-16F7-4668-BE54-9A1E7A4F7556}") = "whaleObservationsApp", "whaleObservationsApp.csproj", "{CA8D2A20-4849-4482-92EF-BC85CBBDF196}"
EndProject
Global
	GlobalSection(SolutionConfigurationPlatforms) = preSolution
		Debug|Any CPU = Debug|Any CPU
		Release|Any CPU = Release|Any CPU
	EndGlobalSection
	GlobalSection(ProjectConfigurationPlatforms) = postSolution
		{CA8D2A20-4849-4482-92EF-BC85CBBDF196}.Debug|Any CPU.ActiveCfg = Debug|Any CPU
		{CA8D2A20-4849-4482-92EF-BC85CBBDF196}.Debug|Any CPU.Build.0 = Debug|Any CPU
		{CA8D2A20-4849-4482-92EF-BC85CBBDF196}.Release|Any CPU.ActiveCfg = Release|Any CPU
		{CA8D2A20-4849-4482-92EF-BC85CBBDF196}.Release|Any CPU.Build.0 = Release|Any CPU
	EndGlobalSection
	GlobalSection(SolutionProperties) = preSolution
		HideSolutionNode = FALSE
	EndGlobalSection
	GlobalSection(ExtensibilityGlobals) = postSolution
		SolutionGuid = {2B88BF4A-AC15-4AA5-8CD2-7FF8CB4162FD}
	EndGlobalSection
EndGlobal
